{
  "version": 4,
  "terraform_version": "1.2.8",
  "serial": 8,
  "lineage": "4f220b05-a36a-155d-35f8-860ea6b4f6f5",
  "outputs": {},
  "resources": [
    {
      "mode": "managed",
      "type": "openstack_compute_keypair_v2",
      "name": "my-node-key",
      "provider": "provider[\"registry.terraform.io/terraform-provider-openstack/openstack\"]",
      "instances": [
        {
          "schema_version": 0,
          "attributes": {
            "fingerprint": "8c:8f:3d:8c:2e:85:18:ad:61:76:d0:d7:2c:26:91:d8",
            "id": "keynode",
            "name": "keynode",
            "private_key": "",
            "public_key": "ssh-rsa AAAAB3NzaC1yc2EAAAADAQABAAABAQD2iaRD2vsTRaeBbiJERPUUcvVHhTblh0JSPNLyirMK1MBT/hfs5/Rreris8q2s6J91+pJZokf0Raks9RPsHjmE2nZecLL35tnFMyqCPs2kGn8LQU71WQ9bCUg1DT1BirJ1gNxzShguqNsorSBhpjpB6eP7zFdpn83g3tHNnvPXrrWekPkKLpb9BHIvwwbm4SB3UU4bHR8P3MspqWN2uAc6ncdWzus2dAN60ezDdtMTuOo/NxX7T0Z4WX7h9dPSPFVxGqMXM4mur05QE0hNu2W40y+Qxnv+lLHXZtCCdGaxAi8kG50td2b87hZwIw8ywLUeAgNfzfvaaYhTq9S22JnZ root@localhost.localdomain",
            "region": "RegionOne",
            "value_specs": null
          },
          "sensitive_attributes": [],
          "private": "bnVsbA=="
        }
      ]
    },
    {
      "mode": "managed",
      "type": "openstack_compute_secgroup_v2",
      "name": "secgroup",
      "provider": "provider[\"registry.terraform.io/terraform-provider-openstack/openstack\"]",
      "instances": [
        {
          "schema_version": 0,
          "attributes": {
            "description": "Security group for instances",
            "id": "44c6828d-006e-457e-badb-9d39b30bd092",
            "name": "secgroup",
            "region": "RegionOne",
            "rule": [
              {
                "cidr": "0.0.0.0/0",
                "from_group_id": "",
                "from_port": 22,
                "id": "c1689fe2-0167-4cbc-ba1e-8f8dec057bbb",
                "ip_protocol": "tcp",
                "self": false,
                "to_port": 22
              },
              {
                "cidr": "0.0.0.0/0",
                "from_group_id": "",
                "from_port": 80,
                "id": "0ce327c3-d653-4436-b95b-59a7075cd99d",
                "ip_protocol": "tcp",
                "self": false,
                "to_port": 80
              }
            ],
            "timeouts": null
          },
          "sensitive_attributes": [],
          "private": "eyJlMmJmYjczMC1lY2FhLTExZTYtOGY4OC0zNDM2M2JjN2M0YzAiOnsiZGVsZXRlIjo2MDAwMDAwMDAwMDB9fQ=="
        }
      ]
    },
    {
      "mode": "managed",
      "type": "openstack_networking_network_v2",
      "name": "network",
      "provider": "provider[\"registry.terraform.io/terraform-provider-openstack/openstack\"]",
      "instances": [
        {
          "schema_version": 0,
          "attributes": {
            "admin_state_up": true,
            "all_tags": [],
            "availability_zone_hints": [],
            "description": "",
            "dns_domain": "",
            "external": false,
            "id": "d28ff8c3-3d50-47e8-b98e-22397c6d4d1d",
            "mtu": 1442,
            "name": "Private",
            "port_security_enabled": true,
            "qos_policy_id": "",
            "region": "RegionOne",
            "segments": [],
            "shared": false,
            "tags": null,
            "tenant_id": "8e23965bc81b4a8b9e7874dca6c5ab2f",
            "timeouts": null,
            "transparent_vlan": false,
            "value_specs": null
          },
          "sensitive_attributes": [],
          "private": "eyJlMmJmYjczMC1lY2FhLTExZTYtOGY4OC0zNDM2M2JjN2M0YzAiOnsiY3JlYXRlIjo2MDAwMDAwMDAwMDAsImRlbGV0ZSI6NjAwMDAwMDAwMDAwfX0="
        }
      ]
    },
    {
      "mode": "managed",
      "type": "openstack_networking_router_interface_v2",
      "name": "router-interface",
      "provider": "provider[\"registry.terraform.io/terraform-provider-openstack/openstack\"]",
      "instances": [
        {
          "schema_version": 0,
          "attributes": {
            "id": "5951430e-d55e-4650-87f1-722dcf3952be",
            "port_id": "5951430e-d55e-4650-87f1-722dcf3952be",
            "region": "RegionOne",
            "router_id": "170513c5-92fd-4be5-a68f-9f072b6daa1f",
            "subnet_id": "aea33681-6898-4bce-8a66-43ac7d05727f",
            "timeouts": null
          },
          "sensitive_attributes": [],
          "private": "eyJlMmJmYjczMC1lY2FhLTExZTYtOGY4OC0zNDM2M2JjN2M0YzAiOnsiY3JlYXRlIjo2MDAwMDAwMDAwMDAsImRlbGV0ZSI6NjAwMDAwMDAwMDAwfX0=",
          "dependencies": [
            "openstack_networking_network_v2.network",
            "openstack_networking_router_v2.router",
            "openstack_networking_subnet_v2.subnet"
          ]
        }
      ]
    },
    {
      "mode": "managed",
      "type": "openstack_networking_router_v2",
      "name": "router",
      "provider": "provider[\"registry.terraform.io/terraform-provider-openstack/openstack\"]",
      "instances": [
        {
          "schema_version": 0,
          "attributes": {
            "admin_state_up": true,
            "all_tags": [],
            "availability_zone_hints": [],
            "description": "",
            "distributed": false,
            "enable_snat": false,
            "external_fixed_ip": [],
            "external_gateway": "",
            "external_network_id": "",
            "id": "170513c5-92fd-4be5-a68f-9f072b6daa1f",
            "name": "Virtual Router",
            "region": "RegionOne",
            "tags": null,
            "tenant_id": "8e23965bc81b4a8b9e7874dca6c5ab2f",
            "timeouts": null,
            "value_specs": null,
            "vendor_options": []
          },
          "sensitive_attributes": [],
          "private": "eyJlMmJmYjczMC1lY2FhLTExZTYtOGY4OC0zNDM2M2JjN2M0YzAiOnsiY3JlYXRlIjo2MDAwMDAwMDAwMDAsImRlbGV0ZSI6NjAwMDAwMDAwMDAwfX0="
        }
      ]
    },
    {
      "mode": "managed",
      "type": "openstack_networking_subnet_v2",
      "name": "subnet",
      "provider": "provider[\"registry.terraform.io/terraform-provider-openstack/openstack\"]",
      "instances": [
        {
          "schema_version": 0,
          "attributes": {
            "all_tags": [],
            "allocation_pool": [
              {
                "end": "192.168.101.254",
                "start": "192.168.101.2"
              }
            ],
            "allocation_pools": [
              {
                "end": "192.168.101.254",
                "start": "192.168.101.2"
              }
            ],
            "cidr": "192.168.101.0/24",
            "description": "",
            "dns_nameservers": null,
            "enable_dhcp": true,
            "gateway_ip": "192.168.101.1",
            "host_routes": [],
            "id": "aea33681-6898-4bce-8a66-43ac7d05727f",
            "ip_version": 4,
            "ipv6_address_mode": "",
            "ipv6_ra_mode": "",
            "name": "Privatesub",
            "network_id": "d28ff8c3-3d50-47e8-b98e-22397c6d4d1d",
            "no_gateway": false,
            "prefix_length": null,
            "region": "RegionOne",
            "subnetpool_id": "",
            "tags": null,
            "tenant_id": "8e23965bc81b4a8b9e7874dca6c5ab2f",
            "timeouts": null,
            "value_specs": null
          },
          "sensitive_attributes": [],
          "private": "eyJlMmJmYjczMC1lY2FhLTExZTYtOGY4OC0zNDM2M2JjN2M0YzAiOnsiY3JlYXRlIjo2MDAwMDAwMDAwMDAsImRlbGV0ZSI6NjAwMDAwMDAwMDAwfX0=",
          "dependencies": [
            "openstack_networking_network_v2.network"
          ]
        }
      ]
    }
  ]
}
