{
  "version": 4,
  "terraform_version": "1.2.8",
  "serial": 27,
  "lineage": "48068133-4f8b-5847-8573-c30aa162aead",
  "outputs": {},
  "resources": [
    {
      "mode": "managed",
      "type": "openstack_compute_instance_v2",
      "name": "node",
      "provider": "provider[\"registry.terraform.io/terraform-provider-openstack/openstack\"]",
      "instances": [
        {
          "index_key": 0,
          "status": "tainted",
          "schema_version": 0,
          "attributes": {
            "access_ip_v4": null,
            "access_ip_v6": null,
            "admin_pass": null,
            "all_metadata": null,
            "all_tags": [],
            "availability_zone": null,
            "availability_zone_hints": null,
            "block_device": [],
            "config_drive": null,
            "flavor_id": null,
            "flavor_name": "m1.small",
            "floating_ip": null,
            "force_delete": false,
            "id": "4db1057a-f276-410a-b3ab-65866e73d36d",
            "image_id": null,
            "image_name": "CentOS-7-x86_64",
            "key_pair": "key-node",
            "metadata": null,
            "name": "node-0",
            "network": [
              {
                "access_network": false,
                "fixed_ip_v4": "192.168.101.48",
                "fixed_ip_v6": "",
                "floating_ip": "",
                "mac": "",
                "name": "",
                "port": "",
                "uuid": "df897b55-a30c-4fdc-b779-854733f564c3"
              }
            ],
            "network_mode": null,
            "personality": [],
            "power_state": "active",
            "region": null,
            "scheduler_hints": [],
            "security_groups": [
              "secgroup1"
            ],
            "stop_before_destroy": false,
            "tags": null,
            "timeouts": null,
            "user_data": null,
            "vendor_options": [],
            "volume": []
          },
          "sensitive_attributes": [],
          "private": "eyJlMmJmYjczMC1lY2FhLTExZTYtOGY4OC0zNDM2M2JjN2M0YzAiOnsiY3JlYXRlIjoxODAwMDAwMDAwMDAwLCJkZWxldGUiOjE4MDAwMDAwMDAwMDAsInVwZGF0ZSI6MTgwMDAwMDAwMDAwMH19",
          "dependencies": [
            "openstack_compute_keypair_v2.nodekey",
            "openstack_compute_secgroup_v2.securitygroup",
            "openstack_networking_network_v2.network"
          ]
        },
        {
          "index_key": 1,
          "schema_version": 0,
          "attributes": {
            "access_ip_v4": "192.168.101.49",
            "access_ip_v6": "",
            "admin_pass": null,
            "all_metadata": {},
            "all_tags": [],
            "availability_zone": "nova",
            "availability_zone_hints": null,
            "block_device": [],
            "config_drive": null,
            "flavor_id": "2",
            "flavor_name": "m1.small",
            "floating_ip": null,
            "force_delete": false,
            "id": "10663418-19c0-489e-8046-15d84d276a97",
            "image_id": "1a7fc02e-75e0-450c-908d-f0b72d781563",
            "image_name": "CentOS-7-x86_64",
            "key_pair": "key-node",
            "metadata": null,
            "name": "node-1",
            "network": [
              {
                "access_network": false,
                "fixed_ip_v4": "192.168.101.49",
                "fixed_ip_v6": "",
                "floating_ip": "",
                "mac": "fa:16:3e:86:dc:29",
                "name": "Private",
                "port": "",
                "uuid": "df897b55-a30c-4fdc-b779-854733f564c3"
              }
            ],
            "network_mode": null,
            "personality": [],
            "power_state": "active",
            "region": "RegionOne",
            "scheduler_hints": [],
            "security_groups": [
              "secgroup1"
            ],
            "stop_before_destroy": false,
            "tags": null,
            "timeouts": null,
            "user_data": null,
            "vendor_options": [],
            "volume": []
          },
          "sensitive_attributes": [],
          "private": "eyJlMmJmYjczMC1lY2FhLTExZTYtOGY4OC0zNDM2M2JjN2M0YzAiOnsiY3JlYXRlIjoxODAwMDAwMDAwMDAwLCJkZWxldGUiOjE4MDAwMDAwMDAwMDAsInVwZGF0ZSI6MTgwMDAwMDAwMDAwMH19",
          "dependencies": [
            "openstack_compute_keypair_v2.nodekey",
            "openstack_compute_secgroup_v2.securitygroup",
            "openstack_networking_network_v2.network"
          ]
        }
      ]
    },
    {
      "mode": "managed",
      "type": "openstack_compute_keypair_v2",
      "name": "nodekey",
      "provider": "provider[\"registry.terraform.io/terraform-provider-openstack/openstack\"]",
      "instances": [
        {
          "schema_version": 0,
          "attributes": {
            "fingerprint": "8c:8f:3d:8c:2e:85:18:ad:61:76:d0:d7:2c:26:91:d8",
            "id": "key-node",
            "name": "key-node",
            "private_key": "",
            "public_key": "ssh-rsa AAAAB3NzaC1yc2EAAAADAQABAAABAQD2iaRD2vsTRaeBbiJERPUUcvVHhTblh0JSPNLyirMK1MBT/hfs5/Rreris8q2s6J91+pJZokf0Raks9RPsHjmE2nZecLL35tnFMyqCPs2kGn8LQU71WQ9bCUg1DT1BirJ1gNxzShguqNsorSBhpjpB6eP7zFdpn83g3tHNnvPXrrWekPkKLpb9BHIvwwbm4SB3UU4bHR8P3MspqWN2uAc6ncdWzus2dAN60ezDdtMTuOo/NxX7T0Z4WX7h9dPSPFVxGqMXM4mur05QE0hNu2W40y+Qxnv+lLHXZtCCdGaxAi8kG50td2b87hZwIw8ywLUeAgNfzfvaaYhTq9S22JnZ root@localhost.localdomain",
            "region": "RegionOne",
            "value_specs": null
          },
          "sensitive_attributes": [],
          "private": "bnVsbA=="
        }
      ]
    },
    {
      "mode": "managed",
      "type": "openstack_compute_secgroup_v2",
      "name": "securitygroup",
      "provider": "provider[\"registry.terraform.io/terraform-provider-openstack/openstack\"]",
      "instances": [
        {
          "schema_version": 0,
          "attributes": {
            "description": "Security group for instances",
            "id": "b6a38cd9-46ed-42fc-b52e-1f1b645a0d4d",
            "name": "secgroup1",
            "region": "RegionOne",
            "rule": [
              {
                "cidr": "0.0.0.0/0",
                "from_group_id": "",
                "from_port": 22,
                "id": "bfe6ced6-e9e8-4b17-9136-df5934e01ba8",
                "ip_protocol": "tcp",
                "self": false,
                "to_port": 22
              },
              {
                "cidr": "0.0.0.0/0",
                "from_group_id": "",
                "from_port": 80,
                "id": "42c47465-85ae-4068-a1cc-42f71f92e2fa",
                "ip_protocol": "tcp",
                "self": false,
                "to_port": 80
              }
            ],
            "timeouts": null
          },
          "sensitive_attributes": [],
          "private": "eyJlMmJmYjczMC1lY2FhLTExZTYtOGY4OC0zNDM2M2JjN2M0YzAiOnsiZGVsZXRlIjo2MDAwMDAwMDAwMDB9fQ=="
        }
      ]
    },
    {
      "mode": "managed",
      "type": "openstack_networking_network_v2",
      "name": "network",
      "provider": "provider[\"registry.terraform.io/terraform-provider-openstack/openstack\"]",
      "instances": [
        {
          "schema_version": 0,
          "attributes": {
            "admin_state_up": true,
            "all_tags": [],
            "availability_zone_hints": [],
            "description": "",
            "dns_domain": "",
            "external": false,
            "id": "df897b55-a30c-4fdc-b779-854733f564c3",
            "mtu": 1442,
            "name": "Private",
            "port_security_enabled": true,
            "qos_policy_id": "",
            "region": "RegionOne",
            "segments": [],
            "shared": false,
            "tags": [],
            "tenant_id": "8e23965bc81b4a8b9e7874dca6c5ab2f",
            "timeouts": null,
            "transparent_vlan": false,
            "value_specs": null
          },
          "sensitive_attributes": [],
          "private": "eyJlMmJmYjczMC1lY2FhLTExZTYtOGY4OC0zNDM2M2JjN2M0YzAiOnsiY3JlYXRlIjo2MDAwMDAwMDAwMDAsImRlbGV0ZSI6NjAwMDAwMDAwMDAwfX0="
        }
      ]
    },
    {
      "mode": "managed",
      "type": "openstack_networking_router_interface_v2",
      "name": "router-interface",
      "provider": "provider[\"registry.terraform.io/terraform-provider-openstack/openstack\"]",
      "instances": [
        {
          "schema_version": 0,
          "attributes": {
            "id": "bd994620-a232-48fb-952c-9753f0ca0bb4",
            "port_id": "bd994620-a232-48fb-952c-9753f0ca0bb4",
            "region": "RegionOne",
            "router_id": "3836cb67-ef7f-4345-bcb2-35044eafc136",
            "subnet_id": "dc0e1bec-9b26-412b-83ee-b80f0efe0fd0",
            "timeouts": null
          },
          "sensitive_attributes": [],
          "private": "eyJlMmJmYjczMC1lY2FhLTExZTYtOGY4OC0zNDM2M2JjN2M0YzAiOnsiY3JlYXRlIjo2MDAwMDAwMDAwMDAsImRlbGV0ZSI6NjAwMDAwMDAwMDAwfX0=",
          "dependencies": [
            "openstack_networking_network_v2.network",
            "openstack_networking_router_v2.router",
            "openstack_networking_subnet_v2.subnet"
          ]
        }
      ]
    },
    {
      "mode": "managed",
      "type": "openstack_networking_router_v2",
      "name": "router",
      "provider": "provider[\"registry.terraform.io/terraform-provider-openstack/openstack\"]",
      "instances": [
        {
          "schema_version": 0,
          "attributes": {
            "admin_state_up": true,
            "all_tags": [],
            "availability_zone_hints": [],
            "description": "",
            "distributed": false,
            "enable_snat": false,
            "external_fixed_ip": [],
            "external_gateway": "",
            "external_network_id": "",
            "id": "3836cb67-ef7f-4345-bcb2-35044eafc136",
            "name": "Virtual Router",
            "region": "RegionOne",
            "tags": [],
            "tenant_id": "8e23965bc81b4a8b9e7874dca6c5ab2f",
            "timeouts": null,
            "value_specs": null,
            "vendor_options": []
          },
          "sensitive_attributes": [],
          "private": "eyJlMmJmYjczMC1lY2FhLTExZTYtOGY4OC0zNDM2M2JjN2M0YzAiOnsiY3JlYXRlIjo2MDAwMDAwMDAwMDAsImRlbGV0ZSI6NjAwMDAwMDAwMDAwfX0="
        }
      ]
    },
    {
      "mode": "managed",
      "type": "openstack_networking_subnet_v2",
      "name": "subnet",
      "provider": "provider[\"registry.terraform.io/terraform-provider-openstack/openstack\"]",
      "instances": [
        {
          "schema_version": 0,
          "attributes": {
            "all_tags": [],
            "allocation_pool": [
              {
                "end": "192.168.101.254",
                "start": "192.168.101.2"
              }
            ],
            "allocation_pools": [
              {
                "end": "192.168.101.254",
                "start": "192.168.101.2"
              }
            ],
            "cidr": "192.168.101.0/24",
            "description": "",
            "dns_nameservers": [],
            "enable_dhcp": true,
            "gateway_ip": "192.168.101.1",
            "host_routes": [],
            "id": "dc0e1bec-9b26-412b-83ee-b80f0efe0fd0",
            "ip_version": 4,
            "ipv6_address_mode": "",
            "ipv6_ra_mode": "",
            "name": "Privatesub",
            "network_id": "df897b55-a30c-4fdc-b779-854733f564c3",
            "no_gateway": false,
            "prefix_length": null,
            "region": "RegionOne",
            "subnetpool_id": "",
            "tags": [],
            "tenant_id": "8e23965bc81b4a8b9e7874dca6c5ab2f",
            "timeouts": null,
            "value_specs": null
          },
          "sensitive_attributes": [],
          "private": "eyJlMmJmYjczMC1lY2FhLTExZTYtOGY4OC0zNDM2M2JjN2M0YzAiOnsiY3JlYXRlIjo2MDAwMDAwMDAwMDAsImRlbGV0ZSI6NjAwMDAwMDAwMDAwfX0=",
          "dependencies": [
            "openstack_networking_network_v2.network"
          ]
        }
      ]
    }
  ]
}
